// !$*UTF8*$!
{
	archiveVersion = 1;
	classes = {
	};
	objectVersion = 46;
	objects = {

/* Begin PBXBuildFile section */
		657939C319E85812004F1F04 /* main.m in Sources */ = {isa = PBXBuildFile; fileRef = 657939C219E85812004F1F04 /* main.m */; };
		657939C619E85812004F1F04 /* AppDelegate.m in Sources */ = {isa = PBXBuildFile; fileRef = 657939C519E85812004F1F04 /* AppDelegate.m */; };
		657939C919E85812004F1F04 /* HomeViewController.m in Sources */ = {isa = PBXBuildFile; fileRef = 657939C819E85812004F1F04 /* HomeViewController.m */; };
		657939CC19E85812004F1F04 /* Main.storyboard in Resources */ = {isa = PBXBuildFile; fileRef = 657939CA19E85812004F1F04 /* Main.storyboard */; };
		657939CE19E85812004F1F04 /* Images.xcassets in Resources */ = {isa = PBXBuildFile; fileRef = 657939CD19E85812004F1F04 /* Images.xcassets */; };
		657939D119E85812004F1F04 /* LaunchScreen.xib in Resources */ = {isa = PBXBuildFile; fileRef = 657939CF19E85812004F1F04 /* LaunchScreen.xib */; };
		657939DD19E85812004F1F04 /* InterviewTests.m in Sources */ = {isa = PBXBuildFile; fileRef = 657939DC19E85812004F1F04 /* InterviewTests.m */; };
		657939E819E85A20004F1F04 /* ResultsViewController.m in Sources */ = {isa = PBXBuildFile; fileRef = 657939E719E85A20004F1F04 /* ResultsViewController.m */; };
		657939EB19E85AB0004F1F04 /* Car.m in Sources */ = {isa = PBXBuildFile; fileRef = 657939EA19E85AB0004F1F04 /* Car.m */; };
		657939EE19E85CEE004F1F04 /* CarTableViewCell.m in Sources */ = {isa = PBXBuildFile; fileRef = 657939ED19E85CEE004F1F04 /* CarTableViewCell.m */; };
/* End PBXBuildFile section */

/* Begin PBXContainerItemProxy section */
		657939D719E85812004F1F04 /* PBXContainerItemProxy */ = {
			isa = PBXContainerItemProxy;
			containerPortal = 657939B519E85812004F1F04 /* Project object */;
			proxyType = 1;
			remoteGlobalIDString = 657939BC19E85812004F1F04;
			remoteInfo = Interview;
		};
/* End PBXContainerItemProxy section */

/* Begin PBXFileReference section */
		657939BD19E85812004F1F04 /* Interview.app */ = {isa = PBXFileReference; explicitFileType = wrapper.application; includeInIndex = 0; path = Interview.app; sourceTree = BUILT_PRODUCTS_DIR; };
		657939C119E85812004F1F04 /* Info.plist */ = {isa = PBXFileReference; lastKnownFileType = text.plist.xml; path = Info.plist; sourceTree = "<group>"; };
		657939C219E85812004F1F04 /* main.m */ = {isa = PBXFileReference; lastKnownFileType = sourcecode.c.objc; path = main.m; sourceTree = "<group>"; };
		657939C419E85812004F1F04 /* AppDelegate.h */ = {isa = PBXFileReference; lastKnownFileType = sourcecode.c.h; path = AppDelegate.h; sourceTree = "<group>"; };
		657939C519E85812004F1F04 /* AppDelegate.m */ = {isa = PBXFileReference; lastKnownFileType = sourcecode.c.objc; path = AppDelegate.m; sourceTree = "<group>"; };
		657939C719E85812004F1F04 /* HomeViewController.h */ = {isa = PBXFileReference; lastKnownFileType = sourcecode.c.h; path = HomeViewController.h; sourceTree = "<group>"; };
		657939C819E85812004F1F04 /* HomeViewController.m */ = {isa = PBXFileReference; lastKnownFileType = sourcecode.c.objc; path = HomeViewController.m; sourceTree = "<group>"; };
		657939CB19E85812004F1F04 /* Base */ = {isa = PBXFileReference; lastKnownFileType = file.storyboard; name = Base; path = Base.lproj/Main.storyboard; sourceTree = "<group>"; };
		657939CD19E85812004F1F04 /* Images.xcassets */ = {isa = PBXFileReference; lastKnownFileType = folder.assetcatalog; path = Images.xcassets; sourceTree = "<group>"; };
		657939D019E85812004F1F04 /* Base */ = {isa = PBXFileReference; lastKnownFileType = file.xib; name = Base; path = Base.lproj/LaunchScreen.xib; sourceTree = "<group>"; };
		657939D619E85812004F1F04 /* InterviewTests.xctest */ = {isa = PBXFileReference; explicitFileType = wrapper.cfbundle; includeInIndex = 0; path = InterviewTests.xctest; sourceTree = BUILT_PRODUCTS_DIR; };
		657939DB19E85812004F1F04 /* Info.plist */ = {isa = PBXFileReference; lastKnownFileType = text.plist.xml; path = Info.plist; sourceTree = "<group>"; };
		657939DC19E85812004F1F04 /* InterviewTests.m */ = {isa = PBXFileReference; lastKnownFileType = sourcecode.c.objc; path = InterviewTests.m; sourceTree = "<group>"; };
		657939E619E85A20004F1F04 /* ResultsViewController.h */ = {isa = PBXFileReference; fileEncoding = 4; lastKnownFileType = sourcecode.c.h; path = ResultsViewController.h; sourceTree = "<group>"; };
		657939E719E85A20004F1F04 /* ResultsViewController.m */ = {isa = PBXFileReference; fileEncoding = 4; lastKnownFileType = sourcecode.c.objc; path = ResultsViewController.m; sourceTree = "<group>"; };
		657939E919E85AB0004F1F04 /* Car.h */ = {isa = PBXFileReference; fileEncoding = 4; lastKnownFileType = sourcecode.c.h; path = Car.h; sourceTree = "<group>"; };
		657939EA19E85AB0004F1F04 /* Car.m */ = {isa = PBXFileReference; fileEncoding = 4; lastKnownFileType = sourcecode.c.objc; path = Car.m; sourceTree = "<group>"; };
		657939EC19E85CEE004F1F04 /* CarTableViewCell.h */ = {isa = PBXFileReference; fileEncoding = 4; lastKnownFileType = sourcecode.c.h; path = CarTableViewCell.h; sourceTree = "<group>"; };
		657939ED19E85CEE004F1F04 /* CarTableViewCell.m */ = {isa = PBXFileReference; fileEncoding = 4; lastKnownFileType = sourcecode.c.objc; path = CarTableViewCell.m; sourceTree = "<group>"; };
/* End PBXFileReference section */

/* Begin PBXFrameworksBuildPhase section */
		657939BA19E85812004F1F04 /* Frameworks */ = {
			isa = PBXFrameworksBuildPhase;
			buildActionMask = 2147483647;
			files = (
			);
			runOnlyForDeploymentPostprocessing = 0;
		};
		657939D319E85812004F1F04 /* Frameworks */ = {
			isa = PBXFrameworksBuildPhase;
			buildActionMask = 2147483647;
			files = (
			);
			runOnlyForDeploymentPostprocessing = 0;
		};
/* End PBXFrameworksBuildPhase section */

/* Begin PBXGroup section */
		657939B419E85812004F1F04 = {
			isa = PBXGroup;
			children = (
				657939BF19E85812004F1F04 /* Interview */,
				657939D919E85812004F1F04 /* InterviewTests */,
				657939BE19E85812004F1F04 /* Products */,
			);
			sourceTree = "<group>";
		};
		657939BE19E85812004F1F04 /* Products */ = {
			isa = PBXGroup;
			children = (
				657939BD19E85812004F1F04 /* Interview.app */,
				657939D619E85812004F1F04 /* InterviewTests.xctest */,
			);
			name = Products;
			sourceTree = "<group>";
		};
		657939BF19E85812004F1F04 /* Interview */ = {
			isa = PBXGroup;
			children = (
				659D3C5119F1A9AC00304D63 /* ViewControllers */,
				659D3C5319F1A9CA00304D63 /* Views */,
				659D3C5419F1A9D000304D63 /* Model */,
				659D3C5219F1A9B500304D63 /* Storyboards */,
				657939C419E85812004F1F04 /* AppDelegate.h */,
				657939C519E85812004F1F04 /* AppDelegate.m */,
				657939CD19E85812004F1F04 /* Images.xcassets */,
				657939C019E85812004F1F04 /* Supporting Files */,
			);
			path = Interview;
			sourceTree = "<group>";
		};
		657939C019E85812004F1F04 /* Supporting Files */ = {
			isa = PBXGroup;
			children = (
				657939C119E85812004F1F04 /* Info.plist */,
				657939C219E85812004F1F04 /* main.m */,
			);
			name = "Supporting Files";
			sourceTree = "<group>";
		};
		657939D919E85812004F1F04 /* InterviewTests */ = {
			isa = PBXGroup;
			children = (
				657939DC19E85812004F1F04 /* InterviewTests.m */,
				657939DA19E85812004F1F04 /* Supporting Files */,
			);
			path = InterviewTests;
			sourceTree = "<group>";
		};
		657939DA19E85812004F1F04 /* Supporting Files */ = {
			isa = PBXGroup;
			children = (
				657939DB19E85812004F1F04 /* Info.plist */,
			);
			name = "Supporting Files";
			sourceTree = "<group>";
		};
		659D3C5119F1A9AC00304D63 /* ViewControllers */ = {
			isa = PBXGroup;
			children = (
				657939C719E85812004F1F04 /* HomeViewController.h */,
				657939C819E85812004F1F04 /* HomeViewController.m */,
				657939E619E85A20004F1F04 /* ResultsViewController.h */,
				657939E719E85A20004F1F04 /* ResultsViewController.m */,
			);
			name = ViewControllers;
			sourceTree = "<group>";
		};
		659D3C5219F1A9B500304D63 /* Storyboards */ = {
			isa = PBXGroup;
			children = (
				657939CA19E85812004F1F04 /* Main.storyboard */,
				657939CF19E85812004F1F04 /* LaunchScreen.xib */,
			);
			name = Storyboards;
			sourceTree = "<group>";
		};
		659D3C5319F1A9CA00304D63 /* Views */ = {
			isa = PBXGroup;
			children = (
				657939EC19E85CEE004F1F04 /* CarTableViewCell.h */,
				657939ED19E85CEE004F1F04 /* CarTableViewCell.m */,
			);
			name = Views;
			sourceTree = "<group>";
		};
		659D3C5419F1A9D000304D63 /* Model */ = {
			isa = PBXGroup;
			children = (
				657939E919E85AB0004F1F04 /* Car.h */,
				657939EA19E85AB0004F1F04 /* Car.m */,
			);
			name = Model;
			sourceTree = "<group>";
		};
/* End PBXGroup section */

/* Begin PBXNativeTarget section */
		657939BC19E85812004F1F04 /* Interview */ = {
			isa = PBXNativeTarget;
			buildConfigurationList = 657939E019E85812004F1F04 /* Build configuration list for PBXNativeTarget "Interview" */;
			buildPhases = (
				657939B919E85812004F1F04 /* Sources */,
				657939BA19E85812004F1F04 /* Frameworks */,
				657939BB19E85812004F1F04 /* Resources */,
			);
			buildRules = (
			);
			dependencies = (
			);
			name = Interview;
			productName = Interview;
			productReference = 657939BD19E85812004F1F04 /* Interview.app */;
			productType = "com.apple.product-type.application";
		};
		657939D519E85812004F1F04 /* InterviewTests */ = {
			isa = PBXNativeTarget;
			buildConfigurationList = 657939E319E85812004F1F04 /* Build configuration list for PBXNativeTarget "InterviewTests" */;
			buildPhases = (
				657939D219E85812004F1F04 /* Sources */,
				657939D319E85812004F1F04 /* Frameworks */,
				657939D419E85812004F1F04 /* Resources */,
			);
			buildRules = (
			);
			dependencies = (
				657939D819E85812004F1F04 /* PBXTargetDependency */,
			);
			name = InterviewTests;
			productName = InterviewTests;
			productReference = 657939D619E85812004F1F04 /* InterviewTests.xctest */;
			productType = "com.apple.product-type.bundle.unit-test";
		};
/* End PBXNativeTarget section */

/* Begin PBXProject section */
		657939B519E85812004F1F04 /* Project object */ = {
			isa = PBXProject;
			attributes = {
				LastUpgradeCheck = 0600;
				ORGANIZATIONNAME = mobileforming;
				TargetAttributes = {
					657939BC19E85812004F1F04 = {
						CreatedOnToolsVersion = 6.0.1;
					};
					657939D519E85812004F1F04 = {
						CreatedOnToolsVersion = 6.0.1;
						TestTargetID = 657939BC19E85812004F1F04;
					};
				};
			};
			buildConfigurationList = 657939B819E85812004F1F04 /* Build configuration list for PBXProject "Interview" */;
			compatibilityVersion = "Xcode 3.2";
			developmentRegion = English;
			hasScannedForEncodings = 0;
			knownRegions = (
				en,
				Base,
			);
			mainGroup = 657939B419E85812004F1F04;
			productRefGroup = 657939BE19E85812004F1F04 /* Products */;
			projectDirPath = "";
			projectRoot = "";
			targets = (
				657939BC19E85812004F1F04 /* Interview */,
				657939D519E85812004F1F04 /* InterviewTests */,
			);
		};
/* End PBXProject section */

/* Begin PBXResourcesBuildPhase section */
		657939BB19E85812004F1F04 /* Resources */ = {
			isa = PBXResourcesBuildPhase;
			buildActionMask = 2147483647;
			files = (
				657939CC19E85812004F1F04 /* Main.storyboard in Resources */,
				657939D119E85812004F1F04 /* LaunchScreen.xib in Resources */,
				657939CE19E85812004F1F04 /* Images.xcassets in Resources */,
			);
			runOnlyForDeploymentPostprocessing = 0;
		};
		657939D419E85812004F1F04 /* Resources */ = {
			isa = PBXResourcesBuildPhase;
			buildActionMask = 2147483647;
			files = (
			);
			runOnlyForDeploymentPostprocessing = 0;
		};
/* End PBXResourcesBuildPhase section */

/* Begin PBXSourcesBuildPhase section */
		657939B919E85812004F1F04 /* Sources */ = {
			isa = PBXSourcesBuildPhase;
			buildActionMask = 2147483647;
			files = (
				657939EB19E85AB0004F1F04 /* Car.m in Sources */,
				657939C919E85812004F1F04 /* HomeViewController.m in Sources */,
				657939C619E85812004F1F04 /* AppDelegate.m in Sources */,
				657939C319E85812004F1F04 /* main.m in Sources */,
				657939EE19E85CEE004F1F04 /* CarTableViewCell.m in Sources */,
				657939E819E85A20004F1F04 /* ResultsViewController.m in Sources */,
			);
			runOnlyForDeploymentPostprocessing = 0;
		};
		657939D219E85812004F1F04 /* Sources */ = {
			isa = PBXSourcesBuildPhase;
			buildActionMask = 2147483647;
			files = (
				657939DD19E85812004F1F04 /* InterviewTests.m in Sources */,
			);
			runOnlyForDeploymentPostprocessing = 0;
		};
/* End PBXSourcesBuildPhase section */

/* Begin PBXTargetDependency section */
		657939D819E85812004F1F04 /* PBXTargetDependency */ = {
			isa = PBXTargetDependency;
			target = 657939BC19E85812004F1F04 /* Interview */;
			targetProxy = 657939D719E85812004F1F04 /* PBXContainerItemProxy */;
		};
/* End PBXTargetDependency section */

/* Begin PBXVariantGroup section */
		657939CA19E85812004F1F04 /* Main.storyboard */ = {
			isa = PBXVariantGroup;
			children = (
				657939CB19E85812004F1F04 /* Base */,
			);
			name = Main.storyboard;
			sourceTree = "<group>";
		};
		657939CF19E85812004F1F04 /* LaunchScreen.xib */ = {
			isa = PBXVariantGroup;
			children = (
				657939D019E85812004F1F04 /* Base */,
			);
			name = LaunchScreen.xib;
			sourceTree = "<group>";
		};
/* End PBXVariantGroup section */

/* Begin XCBuildConfiguration section */
		657939DE19E85812004F1F04 /* Debug */ = {
			isa = XCBuildConfiguration;
			buildSettings = {
				ALWAYS_SEARCH_USER_PATHS = NO;
				CLANG_CXX_LANGUAGE_STANDARD = "gnu++0x";
				CLANG_CXX_LIBRARY = "libc++";
				CLANG_ENABLE_MODULES = YES;
				CLANG_ENABLE_OBJC_ARC = YES;
				CLANG_WARN_BOOL_CONVERSION = YES;
				CLANG_WARN_CONSTANT_CONVERSION = YES;
				CLANG_WARN_DIRECT_OBJC_ISA_USAGE = YES_ERROR;
				CLANG_WARN_EMPTY_BODY = YES;
				CLANG_WARN_ENUM_CONVERSION = YES;
				CLANG_WARN_INT_CONVERSION = YES;
				CLANG_WARN_OBJC_ROOT_CLASS = YES_ERROR;
				CLANG_WARN_UNREACHABLE_CODE = YES;
				CLANG_WARN__DUPLICATE_METHOD_MATCH = YES;
				"CODE_SIGN_IDENTITY[sdk=iphoneos*]" = "iPhone Developer";
				COPY_PHASE_STRIP = NO;
				ENABLE_STRICT_OBJC_MSGSEND = YES;
				GCC_C_LANGUAGE_STANDARD = gnu99;
				GCC_DYNAMIC_NO_PIC = NO;
				GCC_OPTIMIZATION_LEVEL = 0;
				GCC_PREPROCESSOR_DEFINITIONS = (
					"DEBUG=1",
					"$(inherited)",
				);
				GCC_SYMBOLS_PRIVATE_EXTERN = NO;
				GCC_WARN_64_TO_32_BIT_CONVERSION = YES;
				GCC_WARN_ABOUT_RETURN_TYPE = YES_ERROR;
				GCC_WARN_UNDECLARED_SELECTOR = YES;
				GCC_WARN_UNINITIALIZED_AUTOS = YES_AGGRESSIVE;
				GCC_WARN_UNUSED_FUNCTION = YES;
				GCC_WARN_UNUSED_VARIABLE = YES;
				IPHONEOS_DEPLOYMENT_TARGET = 8.0;
				MTL_ENABLE_DEBUG_INFO = YES;
				ONLY_ACTIVE_ARCH = YES;
				SDKROOT = iphoneos;
			};
			name = Debug;
		};
		657939DF19E85812004F1F04 /* Release */ = {
			isa = XCBuildConfiguration;
			buildSettings = {
				ALWAYS_SEARCH_USER_PATHS = NO;
				CLANG_CXX_LANGUAGE_STANDARD = "gnu++0x";
				CLANG_CXX_LIBRARY = "libc++";
				CLANG_ENABLE_MODULES = YES;
				CLANG_ENABLE_OBJC_ARC = YES;
				CLANG_WARN_BOOL_CONVERSION = YES;
				CLANG_WARN_CONSTANT_CONVERSION = YES;
				CLANG_WARN_DIRECT_OBJC_ISA_USAGE = YES_ERROR;
				CLANG_WARN_EMPTY_BODY = YES;
				CLANG_WARN_ENUM_CONVERSION = YES;
				CLANG_WARN_INT_CONVERSION = YES;
				CLANG_WARN_OBJC_ROOT_CLASS = YES_ERROR;
				CLANG_WARN_UNREACHABLE_CODE = YES;
				CLANG_WARN__DUPLICATE_METHOD_MATCH = YES;
				"CODE_SIGN_IDENTITY[sdk=iphoneos*]" = "iPhone Developer";
				COPY_PHASE_STRIP = YES;
				ENABLE_NS_ASSERTIONS = NO;
				ENABLE_STRICT_OBJC_MSGSEND = YES;
				GCC_C_LANGUAGE_STANDARD = gnu99;
				GCC_WARN_64_TO_32_BIT_CONVERSION = YES;
				GCC_WARN_ABOUT_RETURN_TYPE = YES_ERROR;
				GCC_WARN_UNDECLARED_SELECTOR = YES;
				GCC_WARN_UNINITIALIZED_AUTOS = YES_AGGRESSIVE;
				GCC_WARN_UNUSED_FUNCTION = YES;
				GCC_WARN_UNUSED_VARIABLE = YES;
				IPHONEOS_DEPLOYMENT_TARGET = 8.0;
				MTL_ENABLE_DEBUG_INFO = NO;
				SDKROOT = iphoneos;
				VALIDATE_PRODUCT = YES;
			};
			name = Release;
		};
		657939E119E85812004F1F04 /* Debug */ = {
			isa = XCBuildConfiguration;
			buildSettings = {
				ASSETCATALOG_COMPILER_APPICON_NAME = AppIcon;
				INFOPLIST_FILE = Interview/Info.plist;
				LD_RUNPATH_SEARCH_PATHS = "$(inherited) @executable_path/Frameworks";
				PRODUCT_NAME = "$(TARGET_NAME)";
			};
			name = Debug;
		};
		657939E219E85812004F1F04 /* Release */ = {
			isa = XCBuildConfiguration;
			buildSettings = {
				ASSETCATALOG_COMPILER_APPICON_NAME = AppIcon;
				INFOPLIST_FILE = Interview/Info.plist;
				LD_RUNPATH_SEARCH_PATHS = "$(inherited) @executable_path/Frameworks";
				PRODUCT_NAME = "$(TARGET_NAME)";
			};
			name = Release;
		};
		657939E419E85812004F1F04 /* Debug */ = {
			isa = XCBuildConfiguration;
			buildSettings = {
				BUNDLE_LOADER = "$(TEST_HOST)";
				FRAMEWORK_SEARCH_PATHS = (
					"$(SDKROOT)/Developer/Library/Frameworks",
					"$(inherited)",
				);
				GCC_PREPROCESSOR_DEFINITIONS = (
					"DEBUG=1",
					"$(inherited)",
				);
				INFOPLIST_FILE = InterviewTests/Info.plist;
				LD_RUNPATH_SEARCH_PATHS = "$(inherited) @executable_path/Frameworks @loader_path/Frameworks";
				PRODUCT_NAME = "$(TARGET_NAME)";
				TEST_HOST = "$(BUILT_PRODUCTS_DIR)/Interview.app/Interview";
			};
			name = Debug;
		};
		657939E519E85812004F1F04 /* Release */ = {
			isa = XCBuildConfiguration;
			buildSettings = {
				BUNDLE_LOADER = "$(TEST_HOST)";
				FRAMEWORK_SEARCH_PATHS = (
					"$(SDKROOT)/Developer/Library/Frameworks",
					"$(inherited)",
				);
				INFOPLIST_FILE = InterviewTests/Info.plist;
				LD_RUNPATH_SEARCH_PATHS = "$(inherited) @executable_path/Frameworks @loader_path/Frameworks";
				PRODUCT_NAME = "$(TARGET_NAME)";
				TEST_HOST = "$(BUILT_PRODUCTS_DIR)/Interview.app/Interview";
			};
			name = Release;
		};
/* End XCBuildConfiguration section */

/* Begin XCConfigurationList section */
		657939B819E85812004F1F04 /* Build configuration list for PBXProject "Interview" */ = {
			isa = XCConfigurationList;
			buildConfigurations = (
				657939DE19E85812004F1F04 /* Debug */,
				657939DF19E85812004F1F04 /* Release */,
			);
			defaultConfigurationIsVisible = 0;
			defaultConfigurationName = Release;
		};
		657939E019E85812004F1F04 /* Build configuration list for PBXNativeTarget "Interview" */ = {
			isa = XCConfigurationList;
			buildConfigurations = (
				657939E119E85812004F1F04 /* Debug */,
				657939E219E85812004F1F04 /* Release */,
			);
			defaultConfigurationIsVisible = 0;
			defaultConfigurationName = Release;
		};
		657939E319E85812004F1F04 /* Build configuration list for PBXNativeTarget "InterviewTests" */ = {
			isa = XCConfigurationList;
			buildConfigurations = (
				657939E419E85812004F1F04 /* Debug */,
				657939E519E85812004F1F04 /* Release */,
			);
			defaultConfigurationIsVisible = 0;
			defaultConfigurationName = Release;
		};
/* End XCConfigurationList section */
	};
	rootObject = 657939B519E85812004F1F04 /* Project object */;
}
